// !$*UTF8*$!
{
	archiveVersion = 1;
	classes = {
	};
	objectVersion = 56;
	objects = {

/* Begin PBXBuildFile section */
		573F3F342BD7CEF900A48ADF /* CommandHelpView.swift in Sources */ = {isa = PBXBuildFile; fileRef = 573F3F332BD7CEF900A48ADF /* CommandHelpView.swift */; };
		577F1A662BC973290014C2F9 /* NotificationName+Ext.swift in Sources */ = {isa = PBXBuildFile; fileRef = 577F1A652BC973290014C2F9 /* NotificationName+Ext.swift */; };
		577F1A682BCA3CCE0014C2F9 /* Colors.xcassets in Resources */ = {isa = PBXBuildFile; fileRef = 577F1A672BCA3CCE0014C2F9 /* Colors.xcassets */; };
		577F1A6C2BCA3DC20014C2F9 /* AppColor.swift in Sources */ = {isa = PBXBuildFile; fileRef = 577F1A6B2BCA3DC20014C2F9 /* AppColor.swift */; };
		577F1A6E2BCA412E0014C2F9 /* CloudService.swift in Sources */ = {isa = PBXBuildFile; fileRef = 577F1A6D2BCA412E0014C2F9 /* CloudService.swift */; };
		577F1A702BCA42560014C2F9 /* Date+Ext.swift in Sources */ = {isa = PBXBuildFile; fileRef = 577F1A6F2BCA42560014C2F9 /* Date+Ext.swift */; };
		577F1A742BCA58E30014C2F9 /* HomeViewModel.swift in Sources */ = {isa = PBXBuildFile; fileRef = 577F1A732BCA58E30014C2F9 /* HomeViewModel.swift */; };
		577F1A782BCAC5440014C2F9 /* Monthly.swift in Sources */ = {isa = PBXBuildFile; fileRef = 577F1A772BCAC5440014C2F9 /* Monthly.swift */; };
		577F1A7A2BCBAF380014C2F9 /* Array+Ext.swift in Sources */ = {isa = PBXBuildFile; fileRef = 577F1A792BCBAF380014C2F9 /* Array+Ext.swift */; };
		577F1A7C2BCBF58E0014C2F9 /* MenuBarViewModel.swift in Sources */ = {isa = PBXBuildFile; fileRef = 577F1A7B2BCBF58E0014C2F9 /* MenuBarViewModel.swift */; };
		577F1A802BCE47090014C2F9 /* Month.swift in Sources */ = {isa = PBXBuildFile; fileRef = 577F1A7F2BCE47090014C2F9 /* Month.swift */; };
		579C881C2BCEA2D40051845C /* TerminalCommand.swift in Sources */ = {isa = PBXBuildFile; fileRef = 579C881B2BCEA2D40051845C /* TerminalCommand.swift */; };
		579C88222BCEBA290051845C /* AppFont.swift in Sources */ = {isa = PBXBuildFile; fileRef = 579C88212BCEBA290051845C /* AppFont.swift */; };
		579C88292BCEBC7B0051845C /* DungGeunMo.ttf in Resources */ = {isa = PBXBuildFile; fileRef = 579C88282BCEBC7A0051845C /* DungGeunMo.ttf */; };
		579C882C2BD103620051845C /* TerminalCommandManager.swift in Sources */ = {isa = PBXBuildFile; fileRef = 579C882B2BD103620051845C /* TerminalCommandManager.swift */; };
		57BE42D22BC7BDC5004D3706 /* NC1_TILApp.swift in Sources */ = {isa = PBXBuildFile; fileRef = 57BE42D12BC7BDC5004D3706 /* NC1_TILApp.swift */; };
		57BE42D42BC7BDC5004D3706 /* HomeView.swift in Sources */ = {isa = PBXBuildFile; fileRef = 57BE42D32BC7BDC5004D3706 /* HomeView.swift */; };
		57BE42D62BC7BDC6004D3706 /* Assets.xcassets in Resources */ = {isa = PBXBuildFile; fileRef = 57BE42D52BC7BDC6004D3706 /* Assets.xcassets */; };
		57BE42D92BC7BDC6004D3706 /* Preview Assets.xcassets in Resources */ = {isa = PBXBuildFile; fileRef = 57BE42D82BC7BDC6004D3706 /* Preview Assets.xcassets */; };
		57BE42E12BC7BED7004D3706 /* MenuBarView.swift in Sources */ = {isa = PBXBuildFile; fileRef = 57BE42E02BC7BED7004D3706 /* MenuBarView.swift */; };
		57BE42ED2BC7CCB4004D3706 /* URLLink.swift in Sources */ = {isa = PBXBuildFile; fileRef = 57BE42EC2BC7CCB4004D3706 /* URLLink.swift */; };
/* End PBXBuildFile section */

/* Begin PBXFileReference section */
		573F3F332BD7CEF900A48ADF /* CommandHelpView.swift */ = {isa = PBXFileReference; lastKnownFileType = sourcecode.swift; path = CommandHelpView.swift; sourceTree = "<group>"; };
		577F1A652BC973290014C2F9 /* NotificationName+Ext.swift */ = {isa = PBXFileReference; lastKnownFileType = sourcecode.swift; path = "NotificationName+Ext.swift"; sourceTree = "<group>"; };
		577F1A672BCA3CCE0014C2F9 /* Colors.xcassets */ = {isa = PBXFileReference; lastKnownFileType = folder.assetcatalog; path = Colors.xcassets; sourceTree = "<group>"; };
		577F1A6B2BCA3DC20014C2F9 /* AppColor.swift */ = {isa = PBXFileReference; lastKnownFileType = sourcecode.swift; path = AppColor.swift; sourceTree = "<group>"; };
		577F1A6D2BCA412E0014C2F9 /* CloudService.swift */ = {isa = PBXFileReference; lastKnownFileType = sourcecode.swift; path = CloudService.swift; sourceTree = "<group>"; };
		577F1A6F2BCA42560014C2F9 /* Date+Ext.swift */ = {isa = PBXFileReference; lastKnownFileType = sourcecode.swift; path = "Date+Ext.swift"; sourceTree = "<group>"; };
		577F1A732BCA58E30014C2F9 /* HomeViewModel.swift */ = {isa = PBXFileReference; lastKnownFileType = sourcecode.swift; path = HomeViewModel.swift; sourceTree = "<group>"; };
		577F1A772BCAC5440014C2F9 /* Monthly.swift */ = {isa = PBXFileReference; lastKnownFileType = sourcecode.swift; path = Monthly.swift; sourceTree = "<group>"; };
		577F1A792BCBAF380014C2F9 /* Array+Ext.swift */ = {isa = PBXFileReference; lastKnownFileType = sourcecode.swift; path = "Array+Ext.swift"; sourceTree = "<group>"; };
		577F1A7B2BCBF58E0014C2F9 /* MenuBarViewModel.swift */ = {isa = PBXFileReference; lastKnownFileType = sourcecode.swift; path = MenuBarViewModel.swift; sourceTree = "<group>"; };
		577F1A7F2BCE47090014C2F9 /* Month.swift */ = {isa = PBXFileReference; lastKnownFileType = sourcecode.swift; path = Month.swift; sourceTree = "<group>"; };
		579C881B2BCEA2D40051845C /* TerminalCommand.swift */ = {isa = PBXFileReference; lastKnownFileType = sourcecode.swift; path = TerminalCommand.swift; sourceTree = "<group>"; };
		579C88202BCEB8EB0051845C /* Info.plist */ = {isa = PBXFileReference; lastKnownFileType = text.plist; path = Info.plist; sourceTree = "<group>"; };
		579C88212BCEBA290051845C /* AppFont.swift */ = {isa = PBXFileReference; lastKnownFileType = sourcecode.swift; path = AppFont.swift; sourceTree = "<group>"; };
		579C88282BCEBC7A0051845C /* DungGeunMo.ttf */ = {isa = PBXFileReference; lastKnownFileType = file; path = DungGeunMo.ttf; sourceTree = "<group>"; };
		579C882B2BD103620051845C /* TerminalCommandManager.swift */ = {isa = PBXFileReference; lastKnownFileType = sourcecode.swift; path = TerminalCommandManager.swift; sourceTree = "<group>"; };
		57BE42CE2BC7BDC5004D3706 /* NC1-TIL.app */ = {isa = PBXFileReference; explicitFileType = wrapper.application; includeInIndex = 0; path = "NC1-TIL.app"; sourceTree = BUILT_PRODUCTS_DIR; };
		57BE42D12BC7BDC5004D3706 /* NC1_TILApp.swift */ = {isa = PBXFileReference; lastKnownFileType = sourcecode.swift; path = NC1_TILApp.swift; sourceTree = "<group>"; };
		57BE42D32BC7BDC5004D3706 /* HomeView.swift */ = {isa = PBXFileReference; lastKnownFileType = sourcecode.swift; path = HomeView.swift; sourceTree = "<group>"; };
		57BE42D52BC7BDC6004D3706 /* Assets.xcassets */ = {isa = PBXFileReference; lastKnownFileType = folder.assetcatalog; path = Assets.xcassets; sourceTree = "<group>"; };
		57BE42D82BC7BDC6004D3706 /* Preview Assets.xcassets */ = {isa = PBXFileReference; lastKnownFileType = folder.assetcatalog; path = "Preview Assets.xcassets"; sourceTree = "<group>"; };
		57BE42DA2BC7BDC6004D3706 /* NC1_TIL.entitlements */ = {isa = PBXFileReference; lastKnownFileType = text.plist.entitlements; path = NC1_TIL.entitlements; sourceTree = "<group>"; };
		57BE42E02BC7BED7004D3706 /* MenuBarView.swift */ = {isa = PBXFileReference; lastKnownFileType = sourcecode.swift; path = MenuBarView.swift; sourceTree = "<group>"; };
		57BE42EC2BC7CCB4004D3706 /* URLLink.swift */ = {isa = PBXFileReference; lastKnownFileType = sourcecode.swift; path = URLLink.swift; sourceTree = "<group>"; };
/* End PBXFileReference section */

/* Begin PBXFrameworksBuildPhase section */
		57BE42CB2BC7BDC5004D3706 /* Frameworks */ = {
			isa = PBXFrameworksBuildPhase;
			buildActionMask = 2147483647;
			files = (
			);
			runOnlyForDeploymentPostprocessing = 0;
		};
/* End PBXFrameworksBuildPhase section */

/* Begin PBXGroup section */
		573F3F312BD7CECE00A48ADF /* Constant */ = {
			isa = PBXGroup;
			children = (
				577F1A6B2BCA3DC20014C2F9 /* AppColor.swift */,
				579C88212BCEBA290051845C /* AppFont.swift */,
			);
			path = Constant;
			sourceTree = "<group>";
		};
		573F3F322BD7CEE100A48ADF /* Window */ = {
			isa = PBXGroup;
			children = (
				573F3F332BD7CEF900A48ADF /* CommandHelpView.swift */,
			);
			path = Window;
			sourceTree = "<group>";
		};
		577F1A642BC971560014C2F9 /* Extension */ = {
			isa = PBXGroup;
			children = (
				577F1A652BC973290014C2F9 /* NotificationName+Ext.swift */,
				577F1A6F2BCA42560014C2F9 /* Date+Ext.swift */,
				577F1A792BCBAF380014C2F9 /* Array+Ext.swift */,
			);
			path = Extension;
			sourceTree = "<group>";
		};
		577F1A692BCA3D160014C2F9 /* Service */ = {
			isa = PBXGroup;
			children = (
				577F1A6D2BCA412E0014C2F9 /* CloudService.swift */,
			);
			path = Service;
			sourceTree = "<group>";
		};
		579C882A2BD1033C0051845C /* Manager */ = {
			isa = PBXGroup;
			children = (
				579C882B2BD103620051845C /* TerminalCommandManager.swift */,
			);
			path = Manager;
			sourceTree = "<group>";
		};
		57BE42C52BC7BDC5004D3706 = {
			isa = PBXGroup;
			children = (
				57BE42D02BC7BDC5004D3706 /* NC1-TIL */,
				57BE42CF2BC7BDC5004D3706 /* Products */,
			);
			sourceTree = "<group>";
		};
		57BE42CF2BC7BDC5004D3706 /* Products */ = {
			isa = PBXGroup;
			children = (
				57BE42CE2BC7BDC5004D3706 /* NC1-TIL.app */,
			);
			name = Products;
			sourceTree = "<group>";
		};
		57BE42D02BC7BDC5004D3706 /* NC1-TIL */ = {
			isa = PBXGroup;
			children = (
				579C88202BCEB8EB0051845C /* Info.plist */,
				57BE42E92BC7C1FB004D3706 /* App */,
				573F3F312BD7CECE00A48ADF /* Constant */,
				577F1A642BC971560014C2F9 /* Extension */,
				57BE42E52BC7BFAA004D3706 /* View */,
				57BE42E82BC7BFD8004D3706 /* Model */,
				579C882A2BD1033C0051845C /* Manager */,
				577F1A692BCA3D160014C2F9 /* Service */,
				57BE42E72BC7BFC4004D3706 /* Resource */,
				57BE42DA2BC7BDC6004D3706 /* NC1_TIL.entitlements */,
				57BE42D72BC7BDC6004D3706 /* Preview Content */,
			);
			path = "NC1-TIL";
			sourceTree = "<group>";
		};
		57BE42D72BC7BDC6004D3706 /* Preview Content */ = {
			isa = PBXGroup;
			children = (
				57BE42D82BC7BDC6004D3706 /* Preview Assets.xcassets */,
			);
			path = "Preview Content";
			sourceTree = "<group>";
		};
		57BE42E22BC7BEEB004D3706 /* MenuBar */ = {
			isa = PBXGroup;
			children = (
				57BE42E02BC7BED7004D3706 /* MenuBarView.swift */,
				577F1A7B2BCBF58E0014C2F9 /* MenuBarViewModel.swift */,
			);
			path = MenuBar;
			sourceTree = "<group>";
		};
		57BE42E52BC7BFAA004D3706 /* View */ = {
			isa = PBXGroup;
			children = (
				573F3F322BD7CEE100A48ADF /* Window */,
				57BE42E62BC7BFB0004D3706 /* App */,
				57BE42E22BC7BEEB004D3706 /* MenuBar */,
			);
			path = View;
			sourceTree = "<group>";
		};
		57BE42E62BC7BFB0004D3706 /* App */ = {
			isa = PBXGroup;
			children = (
				57BE42D32BC7BDC5004D3706 /* HomeView.swift */,
				577F1A732BCA58E30014C2F9 /* HomeViewModel.swift */,
			);
			path = App;
			sourceTree = "<group>";
		};
		57BE42E72BC7BFC4004D3706 /* Resource */ = {
			isa = PBXGroup;
			children = (
				579C88282BCEBC7A0051845C /* DungGeunMo.ttf */,
				57BE42D52BC7BDC6004D3706 /* Assets.xcassets */,
				577F1A672BCA3CCE0014C2F9 /* Colors.xcassets */,
			);
			path = Resource;
			sourceTree = "<group>";
		};
		57BE42E82BC7BFD8004D3706 /* Model */ = {
			isa = PBXGroup;
			children = (
				57BE42EC2BC7CCB4004D3706 /* URLLink.swift */,
				577F1A772BCAC5440014C2F9 /* Monthly.swift */,
				577F1A7F2BCE47090014C2F9 /* Month.swift */,
				579C881B2BCEA2D40051845C /* TerminalCommand.swift */,
			);
			path = Model;
			sourceTree = "<group>";
		};
		57BE42E92BC7C1FB004D3706 /* App */ = {
			isa = PBXGroup;
			children = (
				57BE42D12BC7BDC5004D3706 /* NC1_TILApp.swift */,
			);
			path = App;
			sourceTree = "<group>";
		};
/* End PBXGroup section */

/* Begin PBXNativeTarget section */
		57BE42CD2BC7BDC5004D3706 /* NC1-TIL */ = {
			isa = PBXNativeTarget;
			buildConfigurationList = 57BE42DD2BC7BDC6004D3706 /* Build configuration list for PBXNativeTarget "NC1-TIL" */;
			buildPhases = (
				57BE42CA2BC7BDC5004D3706 /* Sources */,
				57BE42CB2BC7BDC5004D3706 /* Frameworks */,
				57BE42CC2BC7BDC5004D3706 /* Resources */,
			);
			buildRules = (
			);
			dependencies = (
			);
			name = "NC1-TIL";
			productName = "NC1-TIL";
			productReference = 57BE42CE2BC7BDC5004D3706 /* NC1-TIL.app */;
			productType = "com.apple.product-type.application";
		};
/* End PBXNativeTarget section */

/* Begin PBXProject section */
		57BE42C62BC7BDC5004D3706 /* Project object */ = {
			isa = PBXProject;
			attributes = {
				BuildIndependentTargetsInParallel = 1;
				LastSwiftUpdateCheck = 1530;
				LastUpgradeCheck = 1530;
				TargetAttributes = {
					57BE42CD2BC7BDC5004D3706 = {
						CreatedOnToolsVersion = 15.3;
					};
				};
			};
			buildConfigurationList = 57BE42C92BC7BDC5004D3706 /* Build configuration list for PBXProject "NC1-TIL" */;
			compatibilityVersion = "Xcode 14.0";
			developmentRegion = en;
			hasScannedForEncodings = 0;
			knownRegions = (
				en,
				Base,
			);
			mainGroup = 57BE42C52BC7BDC5004D3706;
			productRefGroup = 57BE42CF2BC7BDC5004D3706 /* Products */;
			projectDirPath = "";
			projectRoot = "";
			targets = (
				57BE42CD2BC7BDC5004D3706 /* NC1-TIL */,
			);
		};
/* End PBXProject section */

/* Begin PBXResourcesBuildPhase section */
		57BE42CC2BC7BDC5004D3706 /* Resources */ = {
			isa = PBXResourcesBuildPhase;
			buildActionMask = 2147483647;
			files = (
				577F1A682BCA3CCE0014C2F9 /* Colors.xcassets in Resources */,
				57BE42D92BC7BDC6004D3706 /* Preview Assets.xcassets in Resources */,
				57BE42D62BC7BDC6004D3706 /* Assets.xcassets in Resources */,
				579C88292BCEBC7B0051845C /* DungGeunMo.ttf in Resources */,
			);
			runOnlyForDeploymentPostprocessing = 0;
		};
/* End PBXResourcesBuildPhase section */

/* Begin PBXSourcesBuildPhase section */
		57BE42CA2BC7BDC5004D3706 /* Sources */ = {
			isa = PBXSourcesBuildPhase;
			buildActionMask = 2147483647;
			files = (
				57BE42E12BC7BED7004D3706 /* MenuBarView.swift in Sources */,
				577F1A7A2BCBAF380014C2F9 /* Array+Ext.swift in Sources */,
				577F1A782BCAC5440014C2F9 /* Monthly.swift in Sources */,
				577F1A7C2BCBF58E0014C2F9 /* MenuBarViewModel.swift in Sources */,
				577F1A6C2BCA3DC20014C2F9 /* AppColor.swift in Sources */,
				577F1A662BC973290014C2F9 /* NotificationName+Ext.swift in Sources */,
				57BE42D42BC7BDC5004D3706 /* HomeView.swift in Sources */,
				577F1A802BCE47090014C2F9 /* Month.swift in Sources */,
				579C882C2BD103620051845C /* TerminalCommandManager.swift in Sources */,
				57BE42ED2BC7CCB4004D3706 /* URLLink.swift in Sources */,
				573F3F342BD7CEF900A48ADF /* CommandHelpView.swift in Sources */,
				579C881C2BCEA2D40051845C /* TerminalCommand.swift in Sources */,
				579C88222BCEBA290051845C /* AppFont.swift in Sources */,
				577F1A742BCA58E30014C2F9 /* HomeViewModel.swift in Sources */,
				57BE42D22BC7BDC5004D3706 /* NC1_TILApp.swift in Sources */,
				577F1A6E2BCA412E0014C2F9 /* CloudService.swift in Sources */,
				577F1A702BCA42560014C2F9 /* Date+Ext.swift in Sources */,
			);
			runOnlyForDeploymentPostprocessing = 0;
		};
/* End PBXSourcesBuildPhase section */

/* Begin XCBuildConfiguration section */
		57BE42DB2BC7BDC6004D3706 /* Debug */ = {
			isa = XCBuildConfiguration;
			buildSettings = {
				ALWAYS_SEARCH_USER_PATHS = NO;
				ASSETCATALOG_COMPILER_GENERATE_SWIFT_ASSET_SYMBOL_EXTENSIONS = YES;
				CLANG_ANALYZER_NONNULL = YES;
				CLANG_ANALYZER_NUMBER_OBJECT_CONVERSION = YES_AGGRESSIVE;
				CLANG_CXX_LANGUAGE_STANDARD = "gnu++20";
				CLANG_ENABLE_MODULES = YES;
				CLANG_ENABLE_OBJC_ARC = YES;
				CLANG_ENABLE_OBJC_WEAK = YES;
				CLANG_WARN_BLOCK_CAPTURE_AUTORELEASING = YES;
				CLANG_WARN_BOOL_CONVERSION = YES;
				CLANG_WARN_COMMA = YES;
				CLANG_WARN_CONSTANT_CONVERSION = YES;
				CLANG_WARN_DEPRECATED_OBJC_IMPLEMENTATIONS = YES;
				CLANG_WARN_DIRECT_OBJC_ISA_USAGE = YES_ERROR;
				CLANG_WARN_DOCUMENTATION_COMMENTS = YES;
				CLANG_WARN_EMPTY_BODY = YES;
				CLANG_WARN_ENUM_CONVERSION = YES;
				CLANG_WARN_INFINITE_RECURSION = YES;
				CLANG_WARN_INT_CONVERSION = YES;
				CLANG_WARN_NON_LITERAL_NULL_CONVERSION = YES;
				CLANG_WARN_OBJC_IMPLICIT_RETAIN_SELF = YES;
				CLANG_WARN_OBJC_LITERAL_CONVERSION = YES;
				CLANG_WARN_OBJC_ROOT_CLASS = YES_ERROR;
				CLANG_WARN_QUOTED_INCLUDE_IN_FRAMEWORK_HEADER = YES;
				CLANG_WARN_RANGE_LOOP_ANALYSIS = YES;
				CLANG_WARN_STRICT_PROTOTYPES = YES;
				CLANG_WARN_SUSPICIOUS_MOVE = YES;
				CLANG_WARN_UNGUARDED_AVAILABILITY = YES_AGGRESSIVE;
				CLANG_WARN_UNREACHABLE_CODE = YES;
				CLANG_WARN__DUPLICATE_METHOD_MATCH = YES;
				COPY_PHASE_STRIP = NO;
				DEBUG_INFORMATION_FORMAT = dwarf;
				ENABLE_STRICT_OBJC_MSGSEND = YES;
				ENABLE_TESTABILITY = YES;
				ENABLE_USER_SCRIPT_SANDBOXING = YES;
				GCC_C_LANGUAGE_STANDARD = gnu17;
				GCC_DYNAMIC_NO_PIC = NO;
				GCC_NO_COMMON_BLOCKS = YES;
				GCC_OPTIMIZATION_LEVEL = 0;
				GCC_PREPROCESSOR_DEFINITIONS = (
					"DEBUG=1",
					"$(inherited)",
				);
				GCC_WARN_64_TO_32_BIT_CONVERSION = YES;
				GCC_WARN_ABOUT_RETURN_TYPE = YES_ERROR;
				GCC_WARN_UNDECLARED_SELECTOR = YES;
				GCC_WARN_UNINITIALIZED_AUTOS = YES_AGGRESSIVE;
				GCC_WARN_UNUSED_FUNCTION = YES;
				GCC_WARN_UNUSED_VARIABLE = YES;
				LOCALIZATION_PREFERS_STRING_CATALOGS = YES;
				MACOSX_DEPLOYMENT_TARGET = 14.4;
				MTL_ENABLE_DEBUG_INFO = INCLUDE_SOURCE;
				MTL_FAST_MATH = YES;
				ONLY_ACTIVE_ARCH = YES;
				SDKROOT = macosx;
				SWIFT_ACTIVE_COMPILATION_CONDITIONS = "DEBUG $(inherited)";
				SWIFT_OPTIMIZATION_LEVEL = "-Onone";
			};
			name = Debug;
		};
		57BE42DC2BC7BDC6004D3706 /* Release */ = {
			isa = XCBuildConfiguration;
			buildSettings = {
				ALWAYS_SEARCH_USER_PATHS = NO;
				ASSETCATALOG_COMPILER_GENERATE_SWIFT_ASSET_SYMBOL_EXTENSIONS = YES;
				CLANG_ANALYZER_NONNULL = YES;
				CLANG_ANALYZER_NUMBER_OBJECT_CONVERSION = YES_AGGRESSIVE;
				CLANG_CXX_LANGUAGE_STANDARD = "gnu++20";
				CLANG_ENABLE_MODULES = YES;
				CLANG_ENABLE_OBJC_ARC = YES;
				CLANG_ENABLE_OBJC_WEAK = YES;
				CLANG_WARN_BLOCK_CAPTURE_AUTORELEASING = YES;
				CLANG_WARN_BOOL_CONVERSION = YES;
				CLANG_WARN_COMMA = YES;
				CLANG_WARN_CONSTANT_CONVERSION = YES;
				CLANG_WARN_DEPRECATED_OBJC_IMPLEMENTATIONS = YES;
				CLANG_WARN_DIRECT_OBJC_ISA_USAGE = YES_ERROR;
				CLANG_WARN_DOCUMENTATION_COMMENTS = YES;
				CLANG_WARN_EMPTY_BODY = YES;
				CLANG_WARN_ENUM_CONVERSION = YES;
				CLANG_WARN_INFINITE_RECURSION = YES;
				CLANG_WARN_INT_CONVERSION = YES;
				CLANG_WARN_NON_LITERAL_NULL_CONVERSION = YES;
				CLANG_WARN_OBJC_IMPLICIT_RETAIN_SELF = YES;
				CLANG_WARN_OBJC_LITERAL_CONVERSION = YES;
				CLANG_WARN_OBJC_ROOT_CLASS = YES_ERROR;
				CLANG_WARN_QUOTED_INCLUDE_IN_FRAMEWORK_HEADER = YES;
				CLANG_WARN_RANGE_LOOP_ANALYSIS = YES;
				CLANG_WARN_STRICT_PROTOTYPES = YES;
				CLANG_WARN_SUSPICIOUS_MOVE = YES;
				CLANG_WARN_UNGUARDED_AVAILABILITY = YES_AGGRESSIVE;
				CLANG_WARN_UNREACHABLE_CODE = YES;
				CLANG_WARN__DUPLICATE_METHOD_MATCH = YES;
				COPY_PHASE_STRIP = NO;
				DEBUG_INFORMATION_FORMAT = "dwarf-with-dsym";
				ENABLE_NS_ASSERTIONS = NO;
				ENABLE_STRICT_OBJC_MSGSEND = YES;
				ENABLE_USER_SCRIPT_SANDBOXING = YES;
				GCC_C_LANGUAGE_STANDARD = gnu17;
				GCC_NO_COMMON_BLOCKS = YES;
				GCC_WARN_64_TO_32_BIT_CONVERSION = YES;
				GCC_WARN_ABOUT_RETURN_TYPE = YES_ERROR;
				GCC_WARN_UNDECLARED_SELECTOR = YES;
				GCC_WARN_UNINITIALIZED_AUTOS = YES_AGGRESSIVE;
				GCC_WARN_UNUSED_FUNCTION = YES;
				GCC_WARN_UNUSED_VARIABLE = YES;
				LOCALIZATION_PREFERS_STRING_CATALOGS = YES;
				MACOSX_DEPLOYMENT_TARGET = 14.4;
				MTL_ENABLE_DEBUG_INFO = NO;
				MTL_FAST_MATH = YES;
				SDKROOT = macosx;
				SWIFT_COMPILATION_MODE = wholemodule;
			};
			name = Release;
		};
		57BE42DE2BC7BDC6004D3706 /* Debug */ = {
			isa = XCBuildConfiguration;
			buildSettings = {
				ASSETCATALOG_COMPILER_APPICON_NAME = AppIcon;
				ASSETCATALOG_COMPILER_GLOBAL_ACCENT_COLOR_NAME = AccentColor;
				CODE_SIGN_ENTITLEMENTS = "NC1-TIL/NC1_TIL.entitlements";
				CODE_SIGN_STYLE = Automatic;
				COMBINE_HIDPI_IMAGES = YES;
				CURRENT_PROJECT_VERSION = 1;
				DEVELOPMENT_ASSET_PATHS = "\"NC1-TIL/Preview Content\"";
				DEVELOPMENT_TEAM = 5DFZR8RCQR;
				ENABLE_HARDENED_RUNTIME = YES;
				ENABLE_PREVIEWS = YES;
				GENERATE_INFOPLIST_FILE = YES;
				INFOPLIST_FILE = "NC1-TIL/Info.plist";
				INFOPLIST_KEY_NSHumanReadableCopyright = "";
				LD_RUNPATH_SEARCH_PATHS = (
					"$(inherited)",
					"@executable_path/../Frameworks",
				);
				MARKETING_VERSION = 1.0;
				PRODUCT_BUNDLE_IDENTIFIER = "kr.co.study.ios.appledeveloperacademy.NC1-TIL";
				PRODUCT_NAME = "$(TARGET_NAME)";
				SWIFT_EMIT_LOC_STRINGS = YES;
				SWIFT_VERSION = 5.0;
			};
			name = Debug;
		};
		57BE42DF2BC7BDC6004D3706 /* Release */ = {
			isa = XCBuildConfiguration;
			buildSettings = {
				ASSETCATALOG_COMPILER_APPICON_NAME = AppIcon;
				ASSETCATALOG_COMPILER_GLOBAL_ACCENT_COLOR_NAME = AccentColor;
				CODE_SIGN_ENTITLEMENTS = "NC1-TIL/NC1_TIL.entitlements";
				CODE_SIGN_STYLE = Automatic;
				COMBINE_HIDPI_IMAGES = YES;
				CURRENT_PROJECT_VERSION = 1;
				DEVELOPMENT_ASSET_PATHS = "\"NC1-TIL/Preview Content\"";
				DEVELOPMENT_TEAM = 5DFZR8RCQR;
				ENABLE_HARDENED_RUNTIME = YES;
				ENABLE_PREVIEWS = YES;
				GENERATE_INFOPLIST_FILE = YES;
				INFOPLIST_FILE = "NC1-TIL/Info.plist";
				INFOPLIST_KEY_NSHumanReadableCopyright = "";
				LD_RUNPATH_SEARCH_PATHS = (
					"$(inherited)",
					"@executable_path/../Frameworks",
				);
				MARKETING_VERSION = 1.0;
				PRODUCT_BUNDLE_IDENTIFIER = "kr.co.study.ios.appledeveloperacademy.NC1-TIL";
				PRODUCT_NAME = "$(TARGET_NAME)";
				SWIFT_EMIT_LOC_STRINGS = YES;
				SWIFT_VERSION = 5.0;
			};
			name = Release;
		};
/* End XCBuildConfiguration section */

/* Begin XCConfigurationList section */
		57BE42C92BC7BDC5004D3706 /* Build configuration list for PBXProject "NC1-TIL" */ = {
			isa = XCConfigurationList;
			buildConfigurations = (
				57BE42DB2BC7BDC6004D3706 /* Debug */,
				57BE42DC2BC7BDC6004D3706 /* Release */,
			);
			defaultConfigurationIsVisible = 0;
			defaultConfigurationName = Release;
		};
		57BE42DD2BC7BDC6004D3706 /* Build configuration list for PBXNativeTarget "NC1-TIL" */ = {
			isa = XCConfigurationList;
			buildConfigurations = (
				57BE42DE2BC7BDC6004D3706 /* Debug */,
				57BE42DF2BC7BDC6004D3706 /* Release */,
			);
			defaultConfigurationIsVisible = 0;
			defaultConfigurationName = Release;
		};
/* End XCConfigurationList section */
	};
	rootObject = 57BE42C62BC7BDC5004D3706 /* Project object */;
}
